
Microsoft Visual Studio Solution File, Format Version 12.00
# Visual Studio 2013
VisualStudioVersion = 12.0.21005.1
MinimumVisualStudioVersion = 10.0.40219.1
Project("{FAE04EC0-301F-11D3-BF4B-00C04F79EFBC}") = "Ejercicio1", "Ejercicio1\Ejercicio1.csproj", "{7C57A0D9-0A69-4F56-9820-F0C7377768F6}"
EndProject
Project("{FAE04EC0-301F-11D3-BF4B-00C04F79EFBC}") = "Operaciones", "Operaciones\Operaciones.csproj", "{0C8C6278-E394-4746-BAD5-31D06896D953}"
EndProject
Global
	GlobalSection(SolutionConfigurationPlatforms) = preSolution
		Debug|Any CPU = Debug|Any CPU
		Release|Any CPU = Release|Any CPU
	EndGlobalSection
	GlobalSection(ProjectConfigurationPlatforms) = postSolution
		{7C57A0D9-0A69-4F56-9820-F0C7377768F6}.Debug|Any CPU.ActiveCfg = Debug|Any CPU
		{7C57A0D9-0A69-4F56-9820-F0C7377768F6}.Debug|Any CPU.Build.0 = Debug|Any CPU
		{7C57A0D9-0A69-4F56-9820-F0C7377768F6}.Release|Any CPU.ActiveCfg = Release|Any CPU
		{7C57A0D9-0A69-4F56-9820-F0C7377768F6}.Release|Any CPU.Build.0 = Release|Any CPU
		{0C8C6278-E394-4746-BAD5-31D06896D953}.Debug|Any CPU.ActiveCfg = Debug|Any CPU
		{0C8C6278-E394-4746-BAD5-31D06896D953}.Debug|Any CPU.Build.0 = Debug|Any CPU
		{0C8C6278-E394-4746-BAD5-31D06896D953}.Release|Any CPU.ActiveCfg = Release|Any CPU
		{0C8C6278-E394-4746-BAD5-31D06896D953}.Release|Any CPU.Build.0 = Release|Any CPU
	EndGlobalSection
	GlobalSection(SolutionProperties) = preSolution
		HideSolutionNode = FALSE
	EndGlobalSection
EndGlobal
